
Microsoft Visual Studio Solution File, Format Version 12.00
# Visual Studio 15
VisualStudioVersion = 15.0.26403.7
MinimumVisualStudioVersion = 10.0.40219.1
Project("{FAE04EC0-301F-11D3-BF4B-00C04F79EFBC}") = "NavigationService.Android", "NavigationService\NavigationService.Android\NavigationService.Android.csproj", "{F842A529-5632-4C20-888F-3CA4D6D08314}"
EndProject
Project("{FAE04EC0-301F-11D3-BF4B-00C04F79EFBC}") = "NavigationService", "NavigationService\NavigationService\NavigationService.csproj", "{51BA6C17-88A3-4F38-8F7D-0E0F08EAF61A}"
EndProject
Project("{FAE04EC0-301F-11D3-BF4B-00C04F79EFBC}") = "NavigationService.UWP", "NavigationService\NavigationService.UWP\NavigationService.UWP.csproj", "{732886A7-CE88-4C49-84E9-4EBB39A91806}"
EndProject
Project("{FAE04EC0-301F-11D3-BF4B-00C04F79EFBC}") = "NavigationService.iOS", "NavigationService\NavigationService.iOS\NavigationService.iOS.csproj", "{20D30DE9-3F12-47AF-879D-04336A890DA9}"
EndProject
Global
	GlobalSection(SolutionConfigurationPlatforms) = preSolution
		Ad-Hoc|Any CPU = Ad-Hoc|Any CPU
		Ad-Hoc|ARM = Ad-Hoc|ARM
		Ad-Hoc|iPhone = Ad-Hoc|iPhone
		Ad-Hoc|iPhoneSimulator = Ad-Hoc|iPhoneSimulator
		Ad-Hoc|x64 = Ad-Hoc|x64
		Ad-Hoc|x86 = Ad-Hoc|x86
		AppStore|Any CPU = AppStore|Any CPU
		AppStore|ARM = AppStore|ARM
		AppStore|iPhone = AppStore|iPhone
		AppStore|iPhoneSimulator = AppStore|iPhoneSimulator
		AppStore|x64 = AppStore|x64
		AppStore|x86 = AppStore|x86
		Debug|Any CPU = Debug|Any CPU
		Debug|ARM = Debug|ARM
		Debug|iPhone = Debug|iPhone
		Debug|iPhoneSimulator = Debug|iPhoneSimulator
		Debug|x64 = Debug|x64
		Debug|x86 = Debug|x86
		Release|Any CPU = Release|Any CPU
		Release|ARM = Release|ARM
		Release|iPhone = Release|iPhone
		Release|iPhoneSimulator = Release|iPhoneSimulator
		Release|x64 = Release|x64
		Release|x86 = Release|x86
	EndGlobalSection
	GlobalSection(ProjectConfigurationPlatforms) = postSolution
		{F842A529-5632-4C20-888F-3CA4D6D08314}.Ad-Hoc|Any CPU.ActiveCfg = Release|Any CPU
		{F842A529-5632-4C20-888F-3CA4D6D08314}.Ad-Hoc|Any CPU.Build.0 = Release|Any CPU
		{F842A529-5632-4C20-888F-3CA4D6D08314}.Ad-Hoc|Any CPU.Deploy.0 = Release|Any CPU
		{F842A529-5632-4C20-888F-3CA4D6D08314}.Ad-Hoc|ARM.ActiveCfg = Release|Any CPU
		{F842A529-5632-4C20-888F-3CA4D6D08314}.Ad-Hoc|ARM.Build.0 = Release|Any CPU
		{F842A529-5632-4C20-888F-3CA4D6D08314}.Ad-Hoc|ARM.Deploy.0 = Release|Any CPU
		{F842A529-5632-4C20-888F-3CA4D6D08314}.Ad-Hoc|iPhone.ActiveCfg = Release|Any CPU
		{F842A529-5632-4C20-888F-3CA4D6D08314}.Ad-Hoc|iPhone.Build.0 = Release|Any CPU
		{F842A529-5632-4C20-888F-3CA4D6D08314}.Ad-Hoc|iPhone.Deploy.0 = Release|Any CPU
		{F842A529-5632-4C20-888F-3CA4D6D08314}.Ad-Hoc|iPhoneSimulator.ActiveCfg = Release|Any CPU
		{F842A529-5632-4C20-888F-3CA4D6D08314}.Ad-Hoc|iPhoneSimulator.Build.0 = Release|Any CPU
		{F842A529-5632-4C20-888F-3CA4D6D08314}.Ad-Hoc|iPhoneSimulator.Deploy.0 = Release|Any CPU
		{F842A529-5632-4C20-888F-3CA4D6D08314}.Ad-Hoc|x64.ActiveCfg = Release|Any CPU
		{F842A529-5632-4C20-888F-3CA4D6D08314}.Ad-Hoc|x64.Build.0 = Release|Any CPU
		{F842A529-5632-4C20-888F-3CA4D6D08314}.Ad-Hoc|x64.Deploy.0 = Release|Any CPU
		{F842A529-5632-4C20-888F-3CA4D6D08314}.Ad-Hoc|x86.ActiveCfg = Release|Any CPU
		{F842A529-5632-4C20-888F-3CA4D6D08314}.Ad-Hoc|x86.Build.0 = Release|Any CPU
		{F842A529-5632-4C20-888F-3CA4D6D08314}.Ad-Hoc|x86.Deploy.0 = Release|Any CPU
		{F842A529-5632-4C20-888F-3CA4D6D08314}.AppStore|Any CPU.ActiveCfg = Release|Any CPU
		{F842A529-5632-4C20-888F-3CA4D6D08314}.AppStore|Any CPU.Build.0 = Release|Any CPU
		{F842A529-5632-4C20-888F-3CA4D6D08314}.AppStore|Any CPU.Deploy.0 = Release|Any CPU
		{F842A529-5632-4C20-888F-3CA4D6D08314}.AppStore|ARM.ActiveCfg = Release|Any CPU
		{F842A529-5632-4C20-888F-3CA4D6D08314}.AppStore|ARM.Build.0 = Release|Any CPU
		{F842A529-5632-4C20-888F-3CA4D6D08314}.AppStore|ARM.Deploy.0 = Release|Any CPU
		{F842A529-5632-4C20-888F-3CA4D6D08314}.AppStore|iPhone.ActiveCfg = Release|Any CPU
		{F842A529-5632-4C20-888F-3CA4D6D08314}.AppStore|iPhone.Build.0 = Release|Any CPU
		{F842A529-5632-4C20-888F-3CA4D6D08314}.AppStore|iPhone.Deploy.0 = Release|Any CPU
		{F842A529-5632-4C20-888F-3CA4D6D08314}.AppStore|iPhoneSimulator.ActiveCfg = Release|Any CPU
		{F842A529-5632-4C20-888F-3CA4D6D08314}.AppStore|iPhoneSimulator.Build.0 = Release|Any CPU
		{F842A529-5632-4C20-888F-3CA4D6D08314}.AppStore|iPhoneSimulator.Deploy.0 = Release|Any CPU
		{F842A529-5632-4C20-888F-3CA4D6D08314}.AppStore|x64.ActiveCfg = Release|Any CPU
		{F842A529-5632-4C20-888F-3CA4D6D08314}.AppStore|x64.Build.0 = Release|Any CPU
		{F842A529-5632-4C20-888F-3CA4D6D08314}.AppStore|x64.Deploy.0 = Release|Any CPU
		{F842A529-5632-4C20-888F-3CA4D6D08314}.AppStore|x86.ActiveCfg = Release|Any CPU
		{F842A529-5632-4C20-888F-3CA4D6D08314}.AppStore|x86.Build.0 = Release|Any CPU
		{F842A529-5632-4C20-888F-3CA4D6D08314}.AppStore|x86.Deploy.0 = Release|Any CPU
		{F842A529-5632-4C20-888F-3CA4D6D08314}.Debug|Any CPU.ActiveCfg = Debug|Any CPU
		{F842A529-5632-4C20-888F-3CA4D6D08314}.Debug|Any CPU.Build.0 = Debug|Any CPU
		{F842A529-5632-4C20-888F-3CA4D6D08314}.Debug|Any CPU.Deploy.0 = Debug|Any CPU
		{F842A529-5632-4C20-888F-3CA4D6D08314}.Debug|ARM.ActiveCfg = Debug|Any CPU
		{F842A529-5632-4C20-888F-3CA4D6D08314}.Debug|ARM.Build.0 = Debug|Any CPU
		{F842A529-5632-4C20-888F-3CA4D6D08314}.Debug|ARM.Deploy.0 = Debug|Any CPU
		{F842A529-5632-4C20-888F-3CA4D6D08314}.Debug|iPhone.ActiveCfg = Debug|Any CPU
		{F842A529-5632-4C20-888F-3CA4D6D08314}.Debug|iPhone.Build.0 = Debug|Any CPU
		{F842A529-5632-4C20-888F-3CA4D6D08314}.Debug|iPhone.Deploy.0 = Debug|Any CPU
		{F842A529-5632-4C20-888F-3CA4D6D08314}.Debug|iPhoneSimulator.ActiveCfg = Debug|Any CPU
		{F842A529-5632-4C20-888F-3CA4D6D08314}.Debug|iPhoneSimulator.Build.0 = Debug|Any CPU
		{F842A529-5632-4C20-888F-3CA4D6D08314}.Debug|iPhoneSimulator.Deploy.0 = Debug|Any CPU
		{F842A529-5632-4C20-888F-3CA4D6D08314}.Debug|x64.ActiveCfg = Debug|Any CPU
		{F842A529-5632-4C20-888F-3CA4D6D08314}.Debug|x64.Build.0 = Debug|Any CPU
		{F842A529-5632-4C20-888F-3CA4D6D08314}.Debug|x64.Deploy.0 = Debug|Any CPU
		{F842A529-5632-4C20-888F-3CA4D6D08314}.Debug|x86.ActiveCfg = Debug|Any CPU
		{F842A529-5632-4C20-888F-3CA4D6D08314}.Debug|x86.Build.0 = Debug|Any CPU
		{F842A529-5632-4C20-888F-3CA4D6D08314}.Debug|x86.Deploy.0 = Debug|Any CPU
		{F842A529-5632-4C20-888F-3CA4D6D08314}.Release|Any CPU.ActiveCfg = Release|Any CPU
		{F842A529-5632-4C20-888F-3CA4D6D08314}.Release|Any CPU.Build.0 = Release|Any CPU
		{F842A529-5632-4C20-888F-3CA4D6D08314}.Release|Any CPU.Deploy.0 = Release|Any CPU
		{F842A529-5632-4C20-888F-3CA4D6D08314}.Release|ARM.ActiveCfg = Release|Any CPU
		{F842A529-5632-4C20-888F-3CA4D6D08314}.Release|ARM.Build.0 = Release|Any CPU
		{F842A529-5632-4C20-888F-3CA4D6D08314}.Release|ARM.Deploy.0 = Release|Any CPU
		{F842A529-5632-4C20-888F-3CA4D6D08314}.Release|iPhone.ActiveCfg = Release|Any CPU
		{F842A529-5632-4C20-888F-3CA4D6D08314}.Release|iPhone.Build.0 = Release|Any CPU
		{F842A529-5632-4C20-888F-3CA4D6D08314}.Release|iPhone.Deploy.0 = Release|Any CPU
		{F842A529-5632-4C20-888F-3CA4D6D08314}.Release|iPhoneSimulator.ActiveCfg = Release|Any CPU
		{F842A529-5632-4C20-888F-3CA4D6D08314}.Release|iPhoneSimulator.Build.0 = Release|Any CPU
		{F842A529-5632-4C20-888F-3CA4D6D08314}.Release|iPhoneSimulator.Deploy.0 = Release|Any CPU
		{F842A529-5632-4C20-888F-3CA4D6D08314}.Release|x64.ActiveCfg = Release|Any CPU
		{F842A529-5632-4C20-888F-3CA4D6D08314}.Release|x64.Build.0 = Release|Any CPU
		{F842A529-5632-4C20-888F-3CA4D6D08314}.Release|x64.Deploy.0 = Release|Any CPU
		{F842A529-5632-4C20-888F-3CA4D6D08314}.Release|x86.ActiveCfg = Release|Any CPU
		{F842A529-5632-4C20-888F-3CA4D6D08314}.Release|x86.Build.0 = Release|Any CPU
		{F842A529-5632-4C20-888F-3CA4D6D08314}.Release|x86.Deploy.0 = Release|Any CPU
		{51BA6C17-88A3-4F38-8F7D-0E0F08EAF61A}.Ad-Hoc|Any CPU.ActiveCfg = Release|Any CPU
		{51BA6C17-88A3-4F38-8F7D-0E0F08EAF61A}.Ad-Hoc|Any CPU.Build.0 = Release|Any CPU
		{51BA6C17-88A3-4F38-8F7D-0E0F08EAF61A}.Ad-Hoc|ARM.ActiveCfg = Release|Any CPU
		{51BA6C17-88A3-4F38-8F7D-0E0F08EAF61A}.Ad-Hoc|ARM.Build.0 = Release|Any CPU
		{51BA6C17-88A3-4F38-8F7D-0E0F08EAF61A}.Ad-Hoc|iPhone.ActiveCfg = Release|Any CPU
		{51BA6C17-88A3-4F38-8F7D-0E0F08EAF61A}.Ad-Hoc|iPhone.Build.0 = Release|Any CPU
		{51BA6C17-88A3-4F38-8F7D-0E0F08EAF61A}.Ad-Hoc|iPhoneSimulator.ActiveCfg = Release|Any CPU
		{51BA6C17-88A3-4F38-8F7D-0E0F08EAF61A}.Ad-Hoc|iPhoneSimulator.Build.0 = Release|Any CPU
		{51BA6C17-88A3-4F38-8F7D-0E0F08EAF61A}.Ad-Hoc|x64.ActiveCfg = Release|Any CPU
		{51BA6C17-88A3-4F38-8F7D-0E0F08EAF61A}.Ad-Hoc|x64.Build.0 = Release|Any CPU
		{51BA6C17-88A3-4F38-8F7D-0E0F08EAF61A}.Ad-Hoc|x86.ActiveCfg = Release|Any CPU
		{51BA6C17-88A3-4F38-8F7D-0E0F08EAF61A}.Ad-Hoc|x86.Build.0 = Release|Any CPU
		{51BA6C17-88A3-4F38-8F7D-0E0F08EAF61A}.AppStore|Any CPU.ActiveCfg = Release|Any CPU
		{51BA6C17-88A3-4F38-8F7D-0E0F08EAF61A}.AppStore|Any CPU.Build.0 = Release|Any CPU
		{51BA6C17-88A3-4F38-8F7D-0E0F08EAF61A}.AppStore|ARM.ActiveCfg = Release|Any CPU
		{51BA6C17-88A3-4F38-8F7D-0E0F08EAF61A}.AppStore|ARM.Build.0 = Release|Any CPU
		{51BA6C17-88A3-4F38-8F7D-0E0F08EAF61A}.AppStore|iPhone.ActiveCfg = Release|Any CPU
		{51BA6C17-88A3-4F38-8F7D-0E0F08EAF61A}.AppStore|iPhone.Build.0 = Release|Any CPU
		{51BA6C17-88A3-4F38-8F7D-0E0F08EAF61A}.AppStore|iPhoneSimulator.ActiveCfg = Release|Any CPU
		{51BA6C17-88A3-4F38-8F7D-0E0F08EAF61A}.AppStore|iPhoneSimulator.Build.0 = Release|Any CPU
		{51BA6C17-88A3-4F38-8F7D-0E0F08EAF61A}.AppStore|x64.ActiveCfg = Release|Any CPU
		{51BA6C17-88A3-4F38-8F7D-0E0F08EAF61A}.AppStore|x64.Build.0 = Release|Any CPU
		{51BA6C17-88A3-4F38-8F7D-0E0F08EAF61A}.AppStore|x86.ActiveCfg = Release|Any CPU
		{51BA6C17-88A3-4F38-8F7D-0E0F08EAF61A}.AppStore|x86.Build.0 = Release|Any CPU
		{51BA6C17-88A3-4F38-8F7D-0E0F08EAF61A}.Debug|Any CPU.ActiveCfg = Debug|Any CPU
		{51BA6C17-88A3-4F38-8F7D-0E0F08EAF61A}.Debug|Any CPU.Build.0 = Debug|Any CPU
		{51BA6C17-88A3-4F38-8F7D-0E0F08EAF61A}.Debug|ARM.ActiveCfg = Debug|Any CPU
		{51BA6C17-88A3-4F38-8F7D-0E0F08EAF61A}.Debug|ARM.Build.0 = Debug|Any CPU
		{51BA6C17-88A3-4F38-8F7D-0E0F08EAF61A}.Debug|iPhone.ActiveCfg = Debug|Any CPU
		{51BA6C17-88A3-4F38-8F7D-0E0F08EAF61A}.Debug|iPhone.Build.0 = Debug|Any CPU
		{51BA6C17-88A3-4F38-8F7D-0E0F08EAF61A}.Debug|iPhoneSimulator.ActiveCfg = Debug|Any CPU
		{51BA6C17-88A3-4F38-8F7D-0E0F08EAF61A}.Debug|iPhoneSimulator.Build.0 = Debug|Any CPU
		{51BA6C17-88A3-4F38-8F7D-0E0F08EAF61A}.Debug|x64.ActiveCfg = Debug|Any CPU
		{51BA6C17-88A3-4F38-8F7D-0E0F08EAF61A}.Debug|x64.Build.0 = Debug|Any CPU
		{51BA6C17-88A3-4F38-8F7D-0E0F08EAF61A}.Debug|x86.ActiveCfg = Debug|Any CPU
		{51BA6C17-88A3-4F38-8F7D-0E0F08EAF61A}.Debug|x86.Build.0 = Debug|Any CPU
		{51BA6C17-88A3-4F38-8F7D-0E0F08EAF61A}.Release|Any CPU.ActiveCfg = Release|Any CPU
		{51BA6C17-88A3-4F38-8F7D-0E0F08EAF61A}.Release|Any CPU.Build.0 = Release|Any CPU
		{51BA6C17-88A3-4F38-8F7D-0E0F08EAF61A}.Release|ARM.ActiveCfg = Release|Any CPU
		{51BA6C17-88A3-4F38-8F7D-0E0F08EAF61A}.Release|ARM.Build.0 = Release|Any CPU
		{51BA6C17-88A3-4F38-8F7D-0E0F08EAF61A}.Release|iPhone.ActiveCfg = Release|Any CPU
		{51BA6C17-88A3-4F38-8F7D-0E0F08EAF61A}.Release|iPhone.Build.0 = Release|Any CPU
		{51BA6C17-88A3-4F38-8F7D-0E0F08EAF61A}.Release|iPhoneSimulator.ActiveCfg = Release|Any CPU
		{51BA6C17-88A3-4F38-8F7D-0E0F08EAF61A}.Release|iPhoneSimulator.Build.0 = Release|Any CPU
		{51BA6C17-88A3-4F38-8F7D-0E0F08EAF61A}.Release|x64.ActiveCfg = Release|Any CPU
		{51BA6C17-88A3-4F38-8F7D-0E0F08EAF61A}.Release|x64.Build.0 = Release|Any CPU
		{51BA6C17-88A3-4F38-8F7D-0E0F08EAF61A}.Release|x86.ActiveCfg = Release|Any CPU
		{51BA6C17-88A3-4F38-8F7D-0E0F08EAF61A}.Release|x86.Build.0 = Release|Any CPU
		{732886A7-CE88-4C49-84E9-4EBB39A91806}.Ad-Hoc|Any CPU.ActiveCfg = Release|x86
		{732886A7-CE88-4C49-84E9-4EBB39A91806}.Ad-Hoc|Any CPU.Build.0 = Release|x86
		{732886A7-CE88-4C49-84E9-4EBB39A91806}.Ad-Hoc|Any CPU.Deploy.0 = Release|x86
		{732886A7-CE88-4C49-84E9-4EBB39A91806}.Ad-Hoc|ARM.ActiveCfg = Release|ARM
		{732886A7-CE88-4C49-84E9-4EBB39A91806}.Ad-Hoc|ARM.Build.0 = Release|ARM
		{732886A7-CE88-4C49-84E9-4EBB39A91806}.Ad-Hoc|ARM.Deploy.0 = Release|ARM
		{732886A7-CE88-4C49-84E9-4EBB39A91806}.Ad-Hoc|iPhone.ActiveCfg = Release|x86
		{732886A7-CE88-4C49-84E9-4EBB39A91806}.Ad-Hoc|iPhone.Build.0 = Release|x86
		{732886A7-CE88-4C49-84E9-4EBB39A91806}.Ad-Hoc|iPhone.Deploy.0 = Release|x86
		{732886A7-CE88-4C49-84E9-4EBB39A91806}.Ad-Hoc|iPhoneSimulator.ActiveCfg = Release|x86
		{732886A7-CE88-4C49-84E9-4EBB39A91806}.Ad-Hoc|iPhoneSimulator.Build.0 = Release|x86
		{732886A7-CE88-4C49-84E9-4EBB39A91806}.Ad-Hoc|iPhoneSimulator.Deploy.0 = Release|x86
		{732886A7-CE88-4C49-84E9-4EBB39A91806}.Ad-Hoc|x64.ActiveCfg = Release|x64
		{732886A7-CE88-4C49-84E9-4EBB39A91806}.Ad-Hoc|x64.Build.0 = Release|x64
		{732886A7-CE88-4C49-84E9-4EBB39A91806}.Ad-Hoc|x64.Deploy.0 = Release|x64
		{732886A7-CE88-4C49-84E9-4EBB39A91806}.Ad-Hoc|x86.ActiveCfg = Release|x86
		{732886A7-CE88-4C49-84E9-4EBB39A91806}.Ad-Hoc|x86.Build.0 = Release|x86
		{732886A7-CE88-4C49-84E9-4EBB39A91806}.Ad-Hoc|x86.Deploy.0 = Release|x86
		{732886A7-CE88-4C49-84E9-4EBB39A91806}.AppStore|Any CPU.ActiveCfg = Release|x86
		{732886A7-CE88-4C49-84E9-4EBB39A91806}.AppStore|Any CPU.Build.0 = Release|x86
		{732886A7-CE88-4C49-84E9-4EBB39A91806}.AppStore|Any CPU.Deploy.0 = Release|x86
		{732886A7-CE88-4C49-84E9-4EBB39A91806}.AppStore|ARM.ActiveCfg = Release|ARM
		{732886A7-CE88-4C49-84E9-4EBB39A91806}.AppStore|ARM.Build.0 = Release|ARM
		{732886A7-CE88-4C49-84E9-4EBB39A91806}.AppStore|ARM.Deploy.0 = Release|ARM
		{732886A7-CE88-4C49-84E9-4EBB39A91806}.AppStore|iPhone.ActiveCfg = Release|x86
		{732886A7-CE88-4C49-84E9-4EBB39A91806}.AppStore|iPhone.Build.0 = Release|x86
		{732886A7-CE88-4C49-84E9-4EBB39A91806}.AppStore|iPhone.Deploy.0 = Release|x86
		{732886A7-CE88-4C49-84E9-4EBB39A91806}.AppStore|iPhoneSimulator.ActiveCfg = Release|x86
		{732886A7-CE88-4C49-84E9-4EBB39A91806}.AppStore|iPhoneSimulator.Build.0 = Release|x86
		{732886A7-CE88-4C49-84E9-4EBB39A91806}.AppStore|iPhoneSimulator.Deploy.0 = Release|x86
		{732886A7-CE88-4C49-84E9-4EBB39A91806}.AppStore|x64.ActiveCfg = Release|x64
		{732886A7-CE88-4C49-84E9-4EBB39A91806}.AppStore|x64.Build.0 = Release|x64
		{732886A7-CE88-4C49-84E9-4EBB39A91806}.AppStore|x64.Deploy.0 = Release|x64
		{732886A7-CE88-4C49-84E9-4EBB39A91806}.AppStore|x86.ActiveCfg = Release|x86
		{732886A7-CE88-4C49-84E9-4EBB39A91806}.AppStore|x86.Build.0 = Release|x86
		{732886A7-CE88-4C49-84E9-4EBB39A91806}.AppStore|x86.Deploy.0 = Release|x86
		{732886A7-CE88-4C49-84E9-4EBB39A91806}.Debug|Any CPU.ActiveCfg = Debug|x86
		{732886A7-CE88-4C49-84E9-4EBB39A91806}.Debug|ARM.ActiveCfg = Debug|ARM
		{732886A7-CE88-4C49-84E9-4EBB39A91806}.Debug|ARM.Build.0 = Debug|ARM
		{732886A7-CE88-4C49-84E9-4EBB39A91806}.Debug|ARM.Deploy.0 = Debug|ARM
		{732886A7-CE88-4C49-84E9-4EBB39A91806}.Debug|iPhone.ActiveCfg = Debug|x86
		{732886A7-CE88-4C49-84E9-4EBB39A91806}.Debug|iPhoneSimulator.ActiveCfg = Debug|x86
		{732886A7-CE88-4C49-84E9-4EBB39A91806}.Debug|x64.ActiveCfg = Debug|x64
		{732886A7-CE88-4C49-84E9-4EBB39A91806}.Debug|x64.Build.0 = Debug|x64
		{732886A7-CE88-4C49-84E9-4EBB39A91806}.Debug|x64.Deploy.0 = Debug|x64
		{732886A7-CE88-4C49-84E9-4EBB39A91806}.Debug|x86.ActiveCfg = Debug|x86
		{732886A7-CE88-4C49-84E9-4EBB39A91806}.Debug|x86.Build.0 = Debug|x86
		{732886A7-CE88-4C49-84E9-4EBB39A91806}.Debug|x86.Deploy.0 = Debug|x86
		{732886A7-CE88-4C49-84E9-4EBB39A91806}.Release|Any CPU.ActiveCfg = Release|x86
		{732886A7-CE88-4C49-84E9-4EBB39A91806}.Release|ARM.ActiveCfg = Release|ARM
		{732886A7-CE88-4C49-84E9-4EBB39A91806}.Release|ARM.Build.0 = Release|ARM
		{732886A7-CE88-4C49-84E9-4EBB39A91806}.Release|ARM.Deploy.0 = Release|ARM
		{732886A7-CE88-4C49-84E9-4EBB39A91806}.Release|iPhone.ActiveCfg = Release|x86
		{732886A7-CE88-4C49-84E9-4EBB39A91806}.Release|iPhoneSimulator.ActiveCfg = Release|x86
		{732886A7-CE88-4C49-84E9-4EBB39A91806}.Release|x64.ActiveCfg = Release|x64
		{732886A7-CE88-4C49-84E9-4EBB39A91806}.Release|x64.Build.0 = Release|x64
		{732886A7-CE88-4C49-84E9-4EBB39A91806}.Release|x64.Deploy.0 = Release|x64
		{732886A7-CE88-4C49-84E9-4EBB39A91806}.Release|x86.ActiveCfg = Release|x86
		{732886A7-CE88-4C49-84E9-4EBB39A91806}.Release|x86.Build.0 = Release|x86
		{732886A7-CE88-4C49-84E9-4EBB39A91806}.Release|x86.Deploy.0 = Release|x86
		{20D30DE9-3F12-47AF-879D-04336A890DA9}.Ad-Hoc|Any CPU.ActiveCfg = Ad-Hoc|iPhone
		{20D30DE9-3F12-47AF-879D-04336A890DA9}.Ad-Hoc|ARM.ActiveCfg = Ad-Hoc|iPhone
		{20D30DE9-3F12-47AF-879D-04336A890DA9}.Ad-Hoc|iPhone.ActiveCfg = Ad-Hoc|iPhone
		{20D30DE9-3F12-47AF-879D-04336A890DA9}.Ad-Hoc|iPhone.Build.0 = Ad-Hoc|iPhone
		{20D30DE9-3F12-47AF-879D-04336A890DA9}.Ad-Hoc|iPhoneSimulator.ActiveCfg = Ad-Hoc|iPhoneSimulator
		{20D30DE9-3F12-47AF-879D-04336A890DA9}.Ad-Hoc|iPhoneSimulator.Build.0 = Ad-Hoc|iPhoneSimulator
		{20D30DE9-3F12-47AF-879D-04336A890DA9}.Ad-Hoc|x64.ActiveCfg = Ad-Hoc|iPhone
		{20D30DE9-3F12-47AF-879D-04336A890DA9}.Ad-Hoc|x86.ActiveCfg = Ad-Hoc|iPhone
		{20D30DE9-3F12-47AF-879D-04336A890DA9}.AppStore|Any CPU.ActiveCfg = AppStore|iPhone
		{20D30DE9-3F12-47AF-879D-04336A890DA9}.AppStore|ARM.ActiveCfg = AppStore|iPhone
		{20D30DE9-3F12-47AF-879D-04336A890DA9}.AppStore|iPhone.ActiveCfg = AppStore|iPhone
		{20D30DE9-3F12-47AF-879D-04336A890DA9}.AppStore|iPhone.Build.0 = AppStore|iPhone
		{20D30DE9-3F12-47AF-879D-04336A890DA9}.AppStore|iPhoneSimulator.ActiveCfg = AppStore|iPhoneSimulator
		{20D30DE9-3F12-47AF-879D-04336A890DA9}.AppStore|iPhoneSimulator.Build.0 = AppStore|iPhoneSimulator
		{20D30DE9-3F12-47AF-879D-04336A890DA9}.AppStore|x64.ActiveCfg = AppStore|iPhone
		{20D30DE9-3F12-47AF-879D-04336A890DA9}.AppStore|x86.ActiveCfg = AppStore|iPhone
		{20D30DE9-3F12-47AF-879D-04336A890DA9}.Debug|Any CPU.ActiveCfg = Debug|iPhone
		{20D30DE9-3F12-47AF-879D-04336A890DA9}.Debug|ARM.ActiveCfg = Debug|iPhone
		{20D30DE9-3F12-47AF-879D-04336A890DA9}.Debug|iPhone.ActiveCfg = Debug|iPhone
		{20D30DE9-3F12-47AF-879D-04336A890DA9}.Debug|iPhone.Build.0 = Debug|iPhone
		{20D30DE9-3F12-47AF-879D-04336A890DA9}.Debug|iPhoneSimulator.ActiveCfg = Debug|iPhoneSimulator
		{20D30DE9-3F12-47AF-879D-04336A890DA9}.Debug|iPhoneSimulator.Build.0 = Debug|iPhoneSimulator
		{20D30DE9-3F12-47AF-879D-04336A890DA9}.Debug|x64.ActiveCfg = Debug|iPhone
		{20D30DE9-3F12-47AF-879D-04336A890DA9}.Debug|x86.ActiveCfg = Debug|iPhone
		{20D30DE9-3F12-47AF-879D-04336A890DA9}.Release|Any CPU.ActiveCfg = Release|iPhone
		{20D30DE9-3F12-47AF-879D-04336A890DA9}.Release|ARM.ActiveCfg = Release|iPhone
		{20D30DE9-3F12-47AF-879D-04336A890DA9}.Release|iPhone.ActiveCfg = Release|iPhone
		{20D30DE9-3F12-47AF-879D-04336A890DA9}.Release|iPhone.Build.0 = Release|iPhone
		{20D30DE9-3F12-47AF-879D-04336A890DA9}.Release|iPhoneSimulator.ActiveCfg = Release|iPhoneSimulator
		{20D30DE9-3F12-47AF-879D-04336A890DA9}.Release|iPhoneSimulator.Build.0 = Release|iPhoneSimulator
		{20D30DE9-3F12-47AF-879D-04336A890DA9}.Release|x64.ActiveCfg = Release|iPhone
		{20D30DE9-3F12-47AF-879D-04336A890DA9}.Release|x86.ActiveCfg = Release|iPhone
	EndGlobalSection
	GlobalSection(SolutionProperties) = preSolution
		HideSolutionNode = FALSE
	EndGlobalSection
EndGlobal
